Based on the provided package information, here's a summary and analysis:

### Key Observations:
1. **Dependencies**:
   - `pytest` depends on `pygments` (included), `iniconfig`, `pluggy`, and `packaging` (not listed in the provided packages).
   - `pytest-asyncio` depends on `typing-extensions` (included).
   - `typing-inspection` depends on `typing-extensions` (included).

2. **Compatibility**:
   - All listed packages have compatible versions (e.g., `pytest-9.1.1` works with `typing-extensions-4.15.0`).
   - Wheels and sdist files are available for most packages, ensuring installability via `pip`.

3. **Missing Dependencies**:
   - `iniconfig`, `pluggy`, and `packaging` are required by `pytest` but not listed in the provided packages. These would need to be installed separately.

---

### Recommendations:
- **Installation**:
  Use `pip` to install packages. For example:
  ```bash
  pip install pytest pytest-asyncio pydantic pygments typing-extensions typing-inspection
  ```
  `pip` will automatically handle dependencies (if available on PyPI).

- **Check for Missing Dependencies**:
  If installing `pytest` fails, ensure `iniconfig`, `pluggy`, and `packaging` are installed:
  ```bash
  pip install iniconfig pluggy packaging
  ```

- **Wheel Compatibility**:
  Most packages provide wheels for Python 3.10+ (e.g., `pydantic` wheels for `cp310`, `cp311`, etc.). Ensure your Python version matches the wheel.

---

### Potential Issues:
- **Outdated Packages**:
  - `typing-extensions-4.15.0` is up-to-date (as of 2025).
  - `pydantic-2.7.1` is recent (as of 2026).
  - `pytest-9.1.1` is a newer version (released in 2026).

- **Version Conflicts**:
  No conflicts are evident in the provided data. However, ensure all dependencies (e.g., `iniconfig`, `pluggy`) are compatible with the installed versions of `pytest`.

---

### Next Steps:
If you're setting up a project, consider generating a `requirements.txt` file:
```bash
pip freeze > requirements.txt
```
This will list all installed packages and their versions, including any missing dependencies like `iniconfig` or `pluggy`.

Let me know if you need further assistance!