It looks like you've shared a list of Python packages along with their versions, dependencies, and distribution details. However, your request isn't clear. Could you clarify what you'd like help with? For example:

1. **Dependency Conflicts**: Are you checking for compatibility issues between packages?
2. **Installation Guidance**: Do you need help installing these packages or resolving installation errors?
3. **Requirements File**: Would you like a `requirements.txt` or `Pipfile` generated from this list?
4. **Usage Questions**: Are you trying to use these packages (e.g., running tests with `pytest`, setting up async testing with `pytest-asyncio`)?
5. **Other**: Something else related to these packages?

Let me know your specific goal, and I'll assist!