The data you've provided appears to be a list of **Python package wheels** for the `websockets` library (version 16.0), hosted on [PyPI](https://pypi.org/). Each entry includes:

- A **URL** to download the wheel file.
- A **SHA256 hash** for verifying the file's integrity.
- The **file size** in bytes.

Here's a breakdown of what this means and how to use it:

---

### **1. Understanding the File Names**
The filenames follow a standard PyPI wheel naming convention:
```
{package_name}-{version}-{build_tag}-{platform}.whl
```
- **`websockets-16.0`**: The package name and version.
- **`cp314`**: Python 3.14 (CPython 3.14) compatibility.
- **`cp314t`**: Possibly a typo or specific build tag (uncommon; confirm with the official PyPI page).
- **`manylinux`/`musllinux`**: Linux-compatible wheels built with specific toolchains.
- **`win32`/`win_amd64`**: Windows-compatible wheels for 32-bit and 64-bit systems.
- **`py3-none-any`**: A pure-Python wheel compatible with all platforms.

---

### **2. Verifying File Integrity**
To ensure the downloaded files are not corrupted or tampered with, use the SHA256 hash:
```bash
# On Linux/macOS:
sha256sum downloaded_file.whl | grep <expected_hash>

# On Windows (using PowerShell):
CertUtil -hashfile downloaded_file.whl SHA256
```
Compare the output with the hash provided in your list.

---

### **3. Installing the Package**
You can install the package using `pip`, which automatically selects the correct wheel for your system:
```bash
pip install websockets
```
If you need a specific wheel (e.g., for a different Python version or platform), download it manually and install it with:
```bash
pip install path/to/websockets-16.0-cp314-cp314-win_amd64.whl
```

---

### **4. Notes**
- **`cp314t` Wheels**: The `t` in filenames like `cp314t` is unusual. It might be a typo, a specific build tag, or a custom distribution. Verify with the official PyPI page for `websockets`.
- **`py3-none-any` Wheel**: This is a pure-Python wheel and works on all platforms. It's typically the safest choice unless you need platform-specific optimizations.

---

### **5. Official Source**
Always confirm the files on the official PyPI page for `websockets`:  
[https://pypi.org/project/websockets/16.0/#files](https://pypi.org/project/websockets/16.0/#files)

---

Let me know if you need help with installation, hash verification, or understanding specific wheels!