It looks like you've provided a list of package metadata (e.g., URLs, hashes, sizes, and upload times) for Python packages like `websockets` and `xlrd`. However, your request is unclear. Here are some possible interpretations and actions you could take:

---

### 1. **If you're trying to install these packages**  
You can use `pip` to install them directly from PyPI. For example:
```bash
pip install websockets xlrd
```
If you need specific versions or platforms (e.g., `manylinux` wheels), ensure your environment matches the wheel's architecture (e.g., `manylinux1_x86_64` for Linux x86_64).

---

### 2. **If you want to verify package integrity**  
The `sha256` hashes in the metadata can be used to verify the integrity of downloaded files. For example:
```bash
sha256sum websockets-16.0-cp312-cp312-manylinux1_x86_64.whl
```
Compare the output with the hash provided in the metadata.

---

### 3. **If you're generating a `requirements.txt` file**  
You can extract the package names and versions from the metadata. For example:
```
websockets==16.0
xlrd==2.0.2
```

---

### 4. **If you noticed the future upload times (2026)**  
This appears to be a **data inconsistency** or **error** (since the current year is 2024). Verify the source of the metadata or check if it's a typo.

---

### 5. **If you're troubleshooting installation issues**  
- Ensure your Python version matches the wheel's version (e.g., `cp312` for Python 3.12).
- Use `pip install --no-cache-dir` to avoid cached versions.
- For wheels not matching your system, use `pip install --platform` or `--only-binary`.

---

### 6. **If you're looking for security checks**  
Check for vulnerabilities using tools like:
```bash
pip-audit
```
Or scan the packages on [PyPI's security page](https://pypi.org/project/).

---

### Clarify Your Request  
Could you specify what you're trying to achieve? For example:
- Are you trying to install these packages?
- Are you verifying their integrity?
- Are you generating a dependency file?
- Or is there another goal in mind?

Let me know, and I'll tailor the response!