It seems your query is incomplete or unclear. The content you've provided appears to be a list of Python package metadata (e.g., versions, dependencies, and hashes), but there is no explicit question or instruction. Could you clarify what you need help with? For example:

- Are you asking about dependencies between packages?
- Do you need guidance on installing or managing these packages?
- Are you looking for analysis of the metadata (e.g., version conflicts, license information)?
- Or is there another specific task you want to accomplish?

Let me know, and I’ll assist!